// !$*UTF8*$!
{
	archiveVersion = 1;
	classes = {
	};
	objectVersion = 48;
	objects = {

/* Begin PBXBuildFile section */
		D912B6C7206AB6A40010B42B /* AddMedicationViewController.swift in Sources */ = {isa = PBXBuildFile; fileRef = D912B6C6206AB6A40010B42B /* AddMedicationViewController.swift */; };
		D912B6C9206AE5040010B42B /* DropDownViewController.swift in Sources */ = {isa = PBXBuildFile; fileRef = D912B6C8206AE5040010B42B /* DropDownViewController.swift */; };
		D912B6CB206B0F980010B42B /* AskMedicationView.xib in Resources */ = {isa = PBXBuildFile; fileRef = D912B6CA206B0F980010B42B /* AskMedicationView.xib */; };
		D912B6CD206B190F0010B42B /* AskMedicationViewController.swift in Sources */ = {isa = PBXBuildFile; fileRef = D912B6CC206B190F0010B42B /* AskMedicationViewController.swift */; };
		D912B6D1206B369B0010B42B /* ResultScreenViewController.swift in Sources */ = {isa = PBXBuildFile; fileRef = D912B6D0206B369B0010B42B /* ResultScreenViewController.swift */; };
		D912B6D3206B41EB0010B42B /* MedicationTableViewCell.swift in Sources */ = {isa = PBXBuildFile; fileRef = D912B6D2206B41EB0010B42B /* MedicationTableViewCell.swift */; };
		D934AD932067F85B003673C3 /* AppDelegate.swift in Sources */ = {isa = PBXBuildFile; fileRef = D934AD922067F85B003673C3 /* AppDelegate.swift */; };
		D934AD982067F85B003673C3 /* Main.storyboard in Resources */ = {isa = PBXBuildFile; fileRef = D934AD962067F85B003673C3 /* Main.storyboard */; };
		D934AD9A2067F85B003673C3 /* Assets.xcassets in Resources */ = {isa = PBXBuildFile; fileRef = D934AD992067F85B003673C3 /* Assets.xcassets */; };
		D934AD9D2067F85B003673C3 /* LaunchScreen.storyboard in Resources */ = {isa = PBXBuildFile; fileRef = D934AD9B2067F85B003673C3 /* LaunchScreen.storyboard */; };
		D934ADA52067FA19003673C3 /* Splash.storyboard in Resources */ = {isa = PBXBuildFile; fileRef = D934ADA42067FA19003673C3 /* Splash.storyboard */; };
		D934ADA72067FD92003673C3 /* SplashScreenViewController.swift in Sources */ = {isa = PBXBuildFile; fileRef = D934ADA62067FD92003673C3 /* SplashScreenViewController.swift */; };
		D934ADA920680F57003673C3 /* RoundButton.swift in Sources */ = {isa = PBXBuildFile; fileRef = D934ADA820680F57003673C3 /* RoundButton.swift */; };
		D934ADAB206813D9003673C3 /* ScrollingContainerViewController.swift in Sources */ = {isa = PBXBuildFile; fileRef = D934ADAA206813D9003673C3 /* ScrollingContainerViewController.swift */; };
		D934ADAD206820A5003673C3 /* WelcomeScreen.xib in Resources */ = {isa = PBXBuildFile; fileRef = D934ADAC206820A5003673C3 /* WelcomeScreen.xib */; };
		D934ADAF20682330003673C3 /* WelcomeScreen.swift in Sources */ = {isa = PBXBuildFile; fileRef = D934ADAE20682330003673C3 /* WelcomeScreen.swift */; };
		D934ADB1206824E4003673C3 /* UnderlinedTextField.swift in Sources */ = {isa = PBXBuildFile; fileRef = D934ADB0206824E4003673C3 /* UnderlinedTextField.swift */; };
		D934ADB620682AC6003673C3 /* Protocols.swift in Sources */ = {isa = PBXBuildFile; fileRef = D934ADB520682AC6003673C3 /* Protocols.swift */; };
		D934ADB920682D0D003673C3 /* Patient.swift in Sources */ = {isa = PBXBuildFile; fileRef = D934ADB820682D0D003673C3 /* Patient.swift */; };
		D934ADBB20682DA8003673C3 /* Medication.swift in Sources */ = {isa = PBXBuildFile; fileRef = D934ADBA20682DA8003673C3 /* Medication.swift */; };
		D9583307206C0A1E003BCA7D /* Launch.storyboard in Resources */ = {isa = PBXBuildFile; fileRef = D9583306206C0A1E003BCA7D /* Launch.storyboard */; };
		D96B8FA5207B1CB3004EE45A /* OpenSans-Light.ttf in Resources */ = {isa = PBXBuildFile; fileRef = D96B8F9B207B1CB1004EE45A /* OpenSans-Light.ttf */; };
		D96B8FA6207B1CB3004EE45A /* OpenSans-Regular.ttf in Resources */ = {isa = PBXBuildFile; fileRef = D96B8F9C207B1CB1004EE45A /* OpenSans-Regular.ttf */; };
		D96B8FA7207B1CB3004EE45A /* OpenSans-SemiBoldItalic.ttf in Resources */ = {isa = PBXBuildFile; fileRef = D96B8F9D207B1CB1004EE45A /* OpenSans-SemiBoldItalic.ttf */; };
		D96B8FA8207B1CB3004EE45A /* OpenSans-ExtraBold.ttf in Resources */ = {isa = PBXBuildFile; fileRef = D96B8F9E207B1CB2004EE45A /* OpenSans-ExtraBold.ttf */; };
		D96B8FA9207B1CB3004EE45A /* OpenSans-Bold.ttf in Resources */ = {isa = PBXBuildFile; fileRef = D96B8F9F207B1CB2004EE45A /* OpenSans-Bold.ttf */; };
		D96B8FAA207B1CB3004EE45A /* OpenSans-Italic.ttf in Resources */ = {isa = PBXBuildFile; fileRef = D96B8FA0207B1CB2004EE45A /* OpenSans-Italic.ttf */; };
		D96B8FAB207B1CB3004EE45A /* OpenSans-LightItalic.ttf in Resources */ = {isa = PBXBuildFile; fileRef = D96B8FA1207B1CB2004EE45A /* OpenSans-LightItalic.ttf */; };
		D96B8FAC207B1CB3004EE45A /* OpenSans-BoldItalic.ttf in Resources */ = {isa = PBXBuildFile; fileRef = D96B8FA2207B1CB2004EE45A /* OpenSans-BoldItalic.ttf */; };
		D96B8FAD207B1CB3004EE45A /* OpenSans-SemiBold.ttf in Resources */ = {isa = PBXBuildFile; fileRef = D96B8FA3207B1CB2004EE45A /* OpenSans-SemiBold.ttf */; };
		D96B8FAE207B1CB3004EE45A /* OpenSans-ExtraBoldItalic.ttf in Resources */ = {isa = PBXBuildFile; fileRef = D96B8FA4207B1CB3004EE45A /* OpenSans-ExtraBoldItalic.ttf */; };
		D98911282068A077008EA4C6 /* AddMedicationView.xib in Resources */ = {isa = PBXBuildFile; fileRef = D98911272068A077008EA4C6 /* AddMedicationView.xib */; };
/* End PBXBuildFile section */

/* Begin PBXFileReference section */
		D912B6C6206AB6A40010B42B /* AddMedicationViewController.swift */ = {isa = PBXFileReference; lastKnownFileType = sourcecode.swift; path = AddMedicationViewController.swift; sourceTree = "<group>"; };
		D912B6C8206AE5040010B42B /* DropDownViewController.swift */ = {isa = PBXFileReference; lastKnownFileType = sourcecode.swift; path = DropDownViewController.swift; sourceTree = "<group>"; };
		D912B6CA206B0F980010B42B /* AskMedicationView.xib */ = {isa = PBXFileReference; lastKnownFileType = file.xib; path = AskMedicationView.xib; sourceTree = "<group>"; };
		D912B6CC206B190F0010B42B /* AskMedicationViewController.swift */ = {isa = PBXFileReference; lastKnownFileType = sourcecode.swift; path = AskMedicationViewController.swift; sourceTree = "<group>"; };
		D912B6D0206B369B0010B42B /* ResultScreenViewController.swift */ = {isa = PBXFileReference; lastKnownFileType = sourcecode.swift; name = ResultScreenViewController.swift; path = "np-challenge/ViewControllers/ResultScreenViewController.swift"; sourceTree = SOURCE_ROOT; };
		D912B6D2206B41EB0010B42B /* MedicationTableViewCell.swift */ = {isa = PBXFileReference; lastKnownFileType = sourcecode.swift; name = MedicationTableViewCell.swift; path = "np-challenge/Views/MedicationTableViewCell.swift"; sourceTree = SOURCE_ROOT; };
		D934AD8F2067F85B003673C3 /* np-challenge.app */ = {isa = PBXFileReference; explicitFileType = wrapper.application; includeInIndex = 0; path = "np-challenge.app"; sourceTree = BUILT_PRODUCTS_DIR; };
		D934AD922067F85B003673C3 /* AppDelegate.swift */ = {isa = PBXFileReference; lastKnownFileType = sourcecode.swift; path = AppDelegate.swift; sourceTree = "<group>"; };
		D934AD972067F85B003673C3 /* Base */ = {isa = PBXFileReference; lastKnownFileType = file.storyboard; name = Base; path = Base.lproj/Main.storyboard; sourceTree = "<group>"; };
		D934AD992067F85B003673C3 /* Assets.xcassets */ = {isa = PBXFileReference; lastKnownFileType = folder.assetcatalog; path = Assets.xcassets; sourceTree = "<group>"; };
		D934AD9C2067F85B003673C3 /* Base */ = {isa = PBXFileReference; lastKnownFileType = file.storyboard; name = Base; path = Base.lproj/LaunchScreen.storyboard; sourceTree = "<group>"; };
		D934AD9E2067F85B003673C3 /* Info.plist */ = {isa = PBXFileReference; lastKnownFileType = text.plist.xml; path = Info.plist; sourceTree = "<group>"; };
		D934ADA42067FA19003673C3 /* Splash.storyboard */ = {isa = PBXFileReference; lastKnownFileType = file.storyboard; path = Splash.storyboard; sourceTree = "<group>"; };
		D934ADA62067FD92003673C3 /* SplashScreenViewController.swift */ = {isa = PBXFileReference; lastKnownFileType = sourcecode.swift; path = SplashScreenViewController.swift; sourceTree = "<group>"; };
		D934ADA820680F57003673C3 /* RoundButton.swift */ = {isa = PBXFileReference; lastKnownFileType = sourcecode.swift; path = RoundButton.swift; sourceTree = "<group>"; };
		D934ADAA206813D9003673C3 /* ScrollingContainerViewController.swift */ = {isa = PBXFileReference; lastKnownFileType = sourcecode.swift; path = ScrollingContainerViewController.swift; sourceTree = "<group>"; };
		D934ADAC206820A5003673C3 /* WelcomeScreen.xib */ = {isa = PBXFileReference; lastKnownFileType = file.xib; path = WelcomeScreen.xib; sourceTree = "<group>"; };
		D934ADAE20682330003673C3 /* WelcomeScreen.swift */ = {isa = PBXFileReference; lastKnownFileType = sourcecode.swift; path = WelcomeScreen.swift; sourceTree = "<group>"; };
		D934ADB0206824E4003673C3 /* UnderlinedTextField.swift */ = {isa = PBXFileReference; lastKnownFileType = sourcecode.swift; path = UnderlinedTextField.swift; sourceTree = "<group>"; };
		D934ADB520682AC6003673C3 /* Protocols.swift */ = {isa = PBXFileReference; lastKnownFileType = sourcecode.swift; name = Protocols.swift; path = "np-challenge/Resources/Protocols.swift"; sourceTree = SOURCE_ROOT; };
		D934ADB820682D0D003673C3 /* Patient.swift */ = {isa = PBXFileReference; lastKnownFileType = sourcecode.swift; name = Patient.swift; path = "np-challenge/Resources/Patient.swift"; sourceTree = SOURCE_ROOT; };
		D934ADBA20682DA8003673C3 /* Medication.swift */ = {isa = PBXFileReference; lastKnownFileType = sourcecode.swift; path = Medication.swift; sourceTree = "<group>"; };
		D9583306206C0A1E003BCA7D /* Launch.storyboard */ = {isa = PBXFileReference; lastKnownFileType = file.storyboard; path = Launch.storyboard; sourceTree = "<group>"; };
		D96B8F9B207B1CB1004EE45A /* OpenSans-Light.ttf */ = {isa = PBXFileReference; lastKnownFileType = file; path = "OpenSans-Light.ttf"; sourceTree = "<group>"; };
		D96B8F9C207B1CB1004EE45A /* OpenSans-Regular.ttf */ = {isa = PBXFileReference; lastKnownFileType = file; path = "OpenSans-Regular.ttf"; sourceTree = "<group>"; };
		D96B8F9D207B1CB1004EE45A /* OpenSans-SemiBoldItalic.ttf */ = {isa = PBXFileReference; lastKnownFileType = file; path = "OpenSans-SemiBoldItalic.ttf"; sourceTree = "<group>"; };
		D96B8F9E207B1CB2004EE45A /* OpenSans-ExtraBold.ttf */ = {isa = PBXFileReference; lastKnownFileType = file; path = "OpenSans-ExtraBold.ttf"; sourceTree = "<group>"; };
		D96B8F9F207B1CB2004EE45A /* OpenSans-Bold.ttf */ = {isa = PBXFileReference; lastKnownFileType = file; path = "OpenSans-Bold.ttf"; sourceTree = "<group>"; };
		D96B8FA0207B1CB2004EE45A /* OpenSans-Italic.ttf */ = {isa = PBXFileReference; lastKnownFileType = file; path = "OpenSans-Italic.ttf"; sourceTree = "<group>"; };
		D96B8FA1207B1CB2004EE45A /* OpenSans-LightItalic.ttf */ = {isa = PBXFileReference; lastKnownFileType = file; path = "OpenSans-LightItalic.ttf"; sourceTree = "<group>"; };
		D96B8FA2207B1CB2004EE45A /* OpenSans-BoldItalic.ttf */ = {isa = PBXFileReference; lastKnownFileType = file; path = "OpenSans-BoldItalic.ttf"; sourceTree = "<group>"; };
		D96B8FA3207B1CB2004EE45A /* OpenSans-SemiBold.ttf */ = {isa = PBXFileReference; lastKnownFileType = file; path = "OpenSans-SemiBold.ttf"; sourceTree = "<group>"; };
		D96B8FA4207B1CB3004EE45A /* OpenSans-ExtraBoldItalic.ttf */ = {isa = PBXFileReference; lastKnownFileType = file; path = "OpenSans-ExtraBoldItalic.ttf"; sourceTree = "<group>"; };
		D98911272068A077008EA4C6 /* AddMedicationView.xib */ = {isa = PBXFileReference; lastKnownFileType = file.xib; path = AddMedicationView.xib; sourceTree = "<group>"; };
/* End PBXFileReference section */

/* Begin PBXFrameworksBuildPhase section */
		D934AD8C2067F85B003673C3 /* Frameworks */ = {
			isa = PBXFrameworksBuildPhase;
			buildActionMask = 2147483647;
			files = (
			);
			runOnlyForDeploymentPostprocessing = 0;
		};
/* End PBXFrameworksBuildPhase section */

/* Begin PBXGroup section */
		D934AD862067F85B003673C3 = {
			isa = PBXGroup;
			children = (
				D934AD912067F85B003673C3 /* np-challenge */,
				D934AD902067F85B003673C3 /* Products */,
			);
			sourceTree = "<group>";
		};
		D934AD902067F85B003673C3 /* Products */ = {
			isa = PBXGroup;
			children = (
				D934AD8F2067F85B003673C3 /* np-challenge.app */,
			);
			name = Products;
			sourceTree = "<group>";
		};
		D934AD912067F85B003673C3 /* np-challenge */ = {
			isa = PBXGroup;
			children = (
				D934ADB720682AED003673C3 /* Resources */,
				D934ADB420682621003673C3 /* ViewControllers */,
				D934ADB3206825F5003673C3 /* Storyboards */,
				D934ADB2206825DE003673C3 /* Views */,
				D934AD922067F85B003673C3 /* AppDelegate.swift */,
				D934AD992067F85B003673C3 /* Assets.xcassets */,
				D934AD9B2067F85B003673C3 /* LaunchScreen.storyboard */,
				D934AD9E2067F85B003673C3 /* Info.plist */,
			);
			path = "np-challenge";
			sourceTree = "<group>";
		};
		D934ADB2206825DE003673C3 /* Views */ = {
			isa = PBXGroup;
			children = (
				D934ADA820680F57003673C3 /* RoundButton.swift */,
				D934ADB0206824E4003673C3 /* UnderlinedTextField.swift */,
				D912B6D2206B41EB0010B42B /* MedicationTableViewCell.swift */,
				D934ADAE20682330003673C3 /* WelcomeScreen.swift */,
			);
			path = Views;
			sourceTree = "<group>";
		};
		D934ADB3206825F5003673C3 /* Storyboards */ = {
			isa = PBXGroup;
			children = (
				D934AD962067F85B003673C3 /* Main.storyboard */,
				D9583306206C0A1E003BCA7D /* Launch.storyboard */,
				D934ADA42067FA19003673C3 /* Splash.storyboard */,
			);
			path = Storyboards;
			sourceTree = "<group>";
		};
		D934ADB420682621003673C3 /* ViewControllers */ = {
			isa = PBXGroup;
			children = (
				D934ADA62067FD92003673C3 /* SplashScreenViewController.swift */,
				D912B6C6206AB6A40010B42B /* AddMedicationViewController.swift */,
				D912B6CC206B190F0010B42B /* AskMedicationViewController.swift */,
				D934ADAA206813D9003673C3 /* ScrollingContainerViewController.swift */,
				D912B6D0206B369B0010B42B /* ResultScreenViewController.swift */,
				D912B6C8206AE5040010B42B /* DropDownViewController.swift */,
			);
			path = ViewControllers;
			sourceTree = "<group>";
		};
		D934ADB720682AED003673C3 /* Resources */ = {
			isa = PBXGroup;
			children = (
				D96B8F9A207B1C0C004EE45A /* Views */,
				D96B8F99207B1C03004EE45A /* Fonts */,
				D934ADB520682AC6003673C3 /* Protocols.swift */,
				D934ADB820682D0D003673C3 /* Patient.swift */,
				D934ADBA20682DA8003673C3 /* Medication.swift */,
			);
			path = Resources;
			sourceTree = "<group>";
		};
		D96B8F99207B1C03004EE45A /* Fonts */ = {
			isa = PBXGroup;
			children = (
				D96B8F9F207B1CB2004EE45A /* OpenSans-Bold.ttf */,
				D96B8FA2207B1CB2004EE45A /* OpenSans-BoldItalic.ttf */,
				D96B8F9E207B1CB2004EE45A /* OpenSans-ExtraBold.ttf */,
				D96B8FA4207B1CB3004EE45A /* OpenSans-ExtraBoldItalic.ttf */,
				D96B8FA0207B1CB2004EE45A /* OpenSans-Italic.ttf */,
				D96B8F9B207B1CB1004EE45A /* OpenSans-Light.ttf */,
				D96B8FA1207B1CB2004EE45A /* OpenSans-LightItalic.ttf */,
				D96B8F9C207B1CB1004EE45A /* OpenSans-Regular.ttf */,
				D96B8FA3207B1CB2004EE45A /* OpenSans-SemiBold.ttf */,
				D96B8F9D207B1CB1004EE45A /* OpenSans-SemiBoldItalic.ttf */,
			);
			path = Fonts;
			sourceTree = "<group>";
		};
		D96B8F9A207B1C0C004EE45A /* Views */ = {
			isa = PBXGroup;
			children = (
				D934ADAC206820A5003673C3 /* WelcomeScreen.xib */,
				D98911272068A077008EA4C6 /* AddMedicationView.xib */,
				D912B6CA206B0F980010B42B /* AskMedicationView.xib */,
			);
			path = Views;
			sourceTree = "<group>";
		};
/* End PBXGroup section */

/* Begin PBXNativeTarget section */
		D934AD8E2067F85B003673C3 /* np-challenge */ = {
			isa = PBXNativeTarget;
			buildConfigurationList = D934ADA12067F85B003673C3 /* Build configuration list for PBXNativeTarget "np-challenge" */;
			buildPhases = (
				D934AD8B2067F85B003673C3 /* Sources */,
				D934AD8C2067F85B003673C3 /* Frameworks */,
				D934AD8D2067F85B003673C3 /* Resources */,
			);
			buildRules = (
			);
			dependencies = (
			);
			name = "np-challenge";
			productName = "np-challenge";
			productReference = D934AD8F2067F85B003673C3 /* np-challenge.app */;
			productType = "com.apple.product-type.application";
		};
/* End PBXNativeTarget section */

/* Begin PBXProject section */
		D934AD872067F85B003673C3 /* Project object */ = {
			isa = PBXProject;
			attributes = {
				LastSwiftUpdateCheck = 0920;
				LastUpgradeCheck = 0920;
				ORGANIZATIONNAME = "Cagri Sahan";
				TargetAttributes = {
					D934AD8E2067F85B003673C3 = {
						CreatedOnToolsVersion = 9.2;
						ProvisioningStyle = Automatic;
					};
				};
			};
			buildConfigurationList = D934AD8A2067F85B003673C3 /* Build configuration list for PBXProject "np-challenge" */;
			compatibilityVersion = "Xcode 8.0";
			developmentRegion = en;
			hasScannedForEncodings = 0;
			knownRegions = (
				en,
				Base,
			);
			mainGroup = D934AD862067F85B003673C3;
			productRefGroup = D934AD902067F85B003673C3 /* Products */;
			projectDirPath = "";
			projectRoot = "";
			targets = (
				D934AD8E2067F85B003673C3 /* np-challenge */,
			);
		};
/* End PBXProject section */

/* Begin PBXResourcesBuildPhase section */
		D934AD8D2067F85B003673C3 /* Resources */ = {
			isa = PBXResourcesBuildPhase;
			buildActionMask = 2147483647;
			files = (
				D96B8FAD207B1CB3004EE45A /* OpenSans-SemiBold.ttf in Resources */,
				D96B8FAE207B1CB3004EE45A /* OpenSans-ExtraBoldItalic.ttf in Resources */,
				D96B8FA6207B1CB3004EE45A /* OpenSans-Regular.ttf in Resources */,
				D934ADAD206820A5003673C3 /* WelcomeScreen.xib in Resources */,
				D912B6CB206B0F980010B42B /* AskMedicationView.xib in Resources */,
				D934AD9D2067F85B003673C3 /* LaunchScreen.storyboard in Resources */,
				D9583307206C0A1E003BCA7D /* Launch.storyboard in Resources */,
				D934AD9A2067F85B003673C3 /* Assets.xcassets in Resources */,
				D934AD982067F85B003673C3 /* Main.storyboard in Resources */,
				D96B8FA5207B1CB3004EE45A /* OpenSans-Light.ttf in Resources */,
				D96B8FA7207B1CB3004EE45A /* OpenSans-SemiBoldItalic.ttf in Resources */,
				D934ADA52067FA19003673C3 /* Splash.storyboard in Resources */,
				D96B8FA9207B1CB3004EE45A /* OpenSans-Bold.ttf in Resources */,
				D98911282068A077008EA4C6 /* AddMedicationView.xib in Resources */,
				D96B8FA8207B1CB3004EE45A /* OpenSans-ExtraBold.ttf in Resources */,
				D96B8FAA207B1CB3004EE45A /* OpenSans-Italic.ttf in Resources */,
				D96B8FAC207B1CB3004EE45A /* OpenSans-BoldItalic.ttf in Resources */,
				D96B8FAB207B1CB3004EE45A /* OpenSans-LightItalic.ttf in Resources */,
			);
			runOnlyForDeploymentPostprocessing = 0;
		};
/* End PBXResourcesBuildPhase section */

/* Begin PBXSourcesBuildPhase section */
		D934AD8B2067F85B003673C3 /* Sources */ = {
			isa = PBXSourcesBuildPhase;
			buildActionMask = 2147483647;
			files = (
				D934ADAF20682330003673C3 /* WelcomeScreen.swift in Sources */,
				D912B6CD206B190F0010B42B /* AskMedicationViewController.swift in Sources */,
				D912B6C7206AB6A40010B42B /* AddMedicationViewController.swift in Sources */,
				D934ADA920680F57003673C3 /* RoundButton.swift in Sources */,
				D934ADAB206813D9003673C3 /* ScrollingContainerViewController.swift in Sources */,
				D934ADB1206824E4003673C3 /* UnderlinedTextField.swift in Sources */,
				D934ADB620682AC6003673C3 /* Protocols.swift in Sources */,
				D934ADB920682D0D003673C3 /* Patient.swift in Sources */,
				D934AD932067F85B003673C3 /* AppDelegate.swift in Sources */,
				D912B6D1206B369B0010B42B /* ResultScreenViewController.swift in Sources */,
				D912B6D3206B41EB0010B42B /* MedicationTableViewCell.swift in Sources */,
				D934ADBB20682DA8003673C3 /* Medication.swift in Sources */,
				D912B6C9206AE5040010B42B /* DropDownViewController.swift in Sources */,
				D934ADA72067FD92003673C3 /* SplashScreenViewController.swift in Sources */,
			);
			runOnlyForDeploymentPostprocessing = 0;
		};
/* End PBXSourcesBuildPhase section */

/* Begin PBXVariantGroup section */
		D934AD962067F85B003673C3 /* Main.storyboard */ = {
			isa = PBXVariantGroup;
			children = (
				D934AD972067F85B003673C3 /* Base */,
			);
			name = Main.storyboard;
			sourceTree = "<group>";
		};
		D934AD9B2067F85B003673C3 /* LaunchScreen.storyboard */ = {
			isa = PBXVariantGroup;
			children = (
				D934AD9C2067F85B003673C3 /* Base */,
			);
			name = LaunchScreen.storyboard;
			sourceTree = "<group>";
		};
/* End PBXVariantGroup section */

/* Begin XCBuildConfiguration section */
		D934AD9F2067F85B003673C3 /* Debug */ = {
			isa = XCBuildConfiguration;
			buildSettings = {
				ALWAYS_SEARCH_USER_PATHS = NO;
				CLANG_ANALYZER_NONNULL = YES;
				CLANG_ANALYZER_NUMBER_OBJECT_CONVERSION = YES_AGGRESSIVE;
				CLANG_CXX_LANGUAGE_STANDARD = "gnu++14";
				CLANG_CXX_LIBRARY = "libc++";
				CLANG_ENABLE_MODULES = YES;
				CLANG_ENABLE_OBJC_ARC = YES;
				CLANG_WARN_BLOCK_CAPTURE_AUTORELEASING = YES;
				CLANG_WARN_BOOL_CONVERSION = YES;
				CLANG_WARN_COMMA = YES;
				CLANG_WARN_CONSTANT_CONVERSION = YES;
				CLANG_WARN_DIRECT_OBJC_ISA_USAGE = YES_ERROR;
				CLANG_WARN_DOCUMENTATION_COMMENTS = YES;
				CLANG_WARN_EMPTY_BODY = YES;
				CLANG_WARN_ENUM_CONVERSION = YES;
				CLANG_WARN_INFINITE_RECURSION = YES;
				CLANG_WARN_INT_CONVERSION = YES;
				CLANG_WARN_NON_LITERAL_NULL_CONVERSION = YES;
				CLANG_WARN_OBJC_LITERAL_CONVERSION = YES;
				CLANG_WARN_OBJC_ROOT_CLASS = YES_ERROR;
				CLANG_WARN_RANGE_LOOP_ANALYSIS = YES;
				CLANG_WARN_STRICT_PROTOTYPES = YES;
				CLANG_WARN_SUSPICIOUS_MOVE = YES;
				CLANG_WARN_UNGUARDED_AVAILABILITY = YES_AGGRESSIVE;
				CLANG_WARN_UNREACHABLE_CODE = YES;
				CLANG_WARN__DUPLICATE_METHOD_MATCH = YES;
				CODE_SIGN_IDENTITY = "iPhone Developer";
				COPY_PHASE_STRIP = NO;
				DEBUG_INFORMATION_FORMAT = dwarf;
				ENABLE_STRICT_OBJC_MSGSEND = YES;
				ENABLE_TESTABILITY = YES;
				GCC_C_LANGUAGE_STANDARD = gnu11;
				GCC_DYNAMIC_NO_PIC = NO;
				GCC_NO_COMMON_BLOCKS = YES;
				GCC_OPTIMIZATION_LEVEL = 0;
				GCC_PREPROCESSOR_DEFINITIONS = (
					"DEBUG=1",
					"$(inherited)",
				);
				GCC_WARN_64_TO_32_BIT_CONVERSION = YES;
				GCC_WARN_ABOUT_RETURN_TYPE = YES_ERROR;
				GCC_WARN_UNDECLARED_SELECTOR = YES;
				GCC_WARN_UNINITIALIZED_AUTOS = YES_AGGRESSIVE;
				GCC_WARN_UNUSED_FUNCTION = YES;
				GCC_WARN_UNUSED_VARIABLE = YES;
				IPHONEOS_DEPLOYMENT_TARGET = 11.2;
				MTL_ENABLE_DEBUG_INFO = YES;
				ONLY_ACTIVE_ARCH = YES;
				SDKROOT = iphoneos;
				SWIFT_ACTIVE_COMPILATION_CONDITIONS = DEBUG;
				SWIFT_OPTIMIZATION_LEVEL = "-Onone";
			};
			name = Debug;
		};
		D934ADA02067F85B003673C3 /* Release */ = {
			isa = XCBuildConfiguration;
			buildSettings = {
				ALWAYS_SEARCH_USER_PATHS = NO;
				CLANG_ANALYZER_NONNULL = YES;
				CLANG_ANALYZER_NUMBER_OBJECT_CONVERSION = YES_AGGRESSIVE;
				CLANG_CXX_LANGUAGE_STANDARD = "gnu++14";
				CLANG_CXX_LIBRARY = "libc++";
				CLANG_ENABLE_MODULES = YES;
				CLANG_ENABLE_OBJC_ARC = YES;
				CLANG_WARN_BLOCK_CAPTURE_AUTORELEASING = YES;
				CLANG_WARN_BOOL_CONVERSION = YES;
				CLANG_WARN_COMMA = YES;
				CLANG_WARN_CONSTANT_CONVERSION = YES;
				CLANG_WARN_DIRECT_OBJC_ISA_USAGE = YES_ERROR;
				CLANG_WARN_DOCUMENTATION_COMMENTS = YES;
				CLANG_WARN_EMPTY_BODY = YES;
				CLANG_WARN_ENUM_CONVERSION = YES;
				CLANG_WARN_INFINITE_RECURSION = YES;
				CLANG_WARN_INT_CONVERSION = YES;
				CLANG_WARN_NON_LITERAL_NULL_CONVERSION = YES;
				CLANG_WARN_OBJC_LITERAL_CONVERSION = YES;
				CLANG_WARN_OBJC_ROOT_CLASS = YES_ERROR;
				CLANG_WARN_RANGE_LOOP_ANALYSIS = YES;
				CLANG_WARN_STRICT_PROTOTYPES = YES;
				CLANG_WARN_SUSPICIOUS_MOVE = YES;
				CLANG_WARN_UNGUARDED_AVAILABILITY = YES_AGGRESSIVE;
				CLANG_WARN_UNREACHABLE_CODE = YES;
				CLANG_WARN__DUPLICATE_METHOD_MATCH = YES;
				CODE_SIGN_IDENTITY = "iPhone Developer";
				COPY_PHASE_STRIP = NO;
				DEBUG_INFORMATION_FORMAT = "dwarf-with-dsym";
				ENABLE_NS_ASSERTIONS = NO;
				ENABLE_STRICT_OBJC_MSGSEND = YES;
				GCC_C_LANGUAGE_STANDARD = gnu11;
				GCC_NO_COMMON_BLOCKS = YES;
				GCC_WARN_64_TO_32_BIT_CONVERSION = YES;
				GCC_WARN_ABOUT_RETURN_TYPE = YES_ERROR;
				GCC_WARN_UNDECLARED_SELECTOR = YES;
				GCC_WARN_UNINITIALIZED_AUTOS = YES_AGGRESSIVE;
				GCC_WARN_UNUSED_FUNCTION = YES;
				GCC_WARN_UNUSED_VARIABLE = YES;
				IPHONEOS_DEPLOYMENT_TARGET = 11.2;
				MTL_ENABLE_DEBUG_INFO = NO;
				SDKROOT = iphoneos;
				SWIFT_OPTIMIZATION_LEVEL = "-Owholemodule";
				VALIDATE_PRODUCT = YES;
			};
			name = Release;
		};
		D934ADA22067F85B003673C3 /* Debug */ = {
			isa = XCBuildConfiguration;
			buildSettings = {
				ASSETCATALOG_COMPILER_APPICON_NAME = AppIcon;
				CODE_SIGN_STYLE = Automatic;
				DEVELOPMENT_TEAM = PBLFXKK4Q9;
				INFOPLIST_FILE = "np-challenge/Info.plist";
				LD_RUNPATH_SEARCH_PATHS = "$(inherited) @executable_path/Frameworks";
				PRODUCT_BUNDLE_IDENTIFIER = "sahano.np-challenge";
				PRODUCT_NAME = "$(TARGET_NAME)";
				SWIFT_VERSION = 4.0;
				TARGETED_DEVICE_FAMILY = "1,2";
			};
			name = Debug;
		};
		D934ADA32067F85B003673C3 /* Release */ = {
			isa = XCBuildConfiguration;
			buildSettings = {
				ASSETCATALOG_COMPILER_APPICON_NAME = AppIcon;
				CODE_SIGN_STYLE = Automatic;
				DEVELOPMENT_TEAM = PBLFXKK4Q9;
				INFOPLIST_FILE = "np-challenge/Info.plist";
				LD_RUNPATH_SEARCH_PATHS = "$(inherited) @executable_path/Frameworks";
				PRODUCT_BUNDLE_IDENTIFIER = "sahano.np-challenge";
				PRODUCT_NAME = "$(TARGET_NAME)";
				SWIFT_VERSION = 4.0;
				TARGETED_DEVICE_FAMILY = "1,2";
			};
			name = Release;
		};
/* End XCBuildConfiguration section */

/* Begin XCConfigurationList section */
		D934AD8A2067F85B003673C3 /* Build configuration list for PBXProject "np-challenge" */ = {
			isa = XCConfigurationList;
			buildConfigurations = (
				D934AD9F2067F85B003673C3 /* Debug */,
				D934ADA02067F85B003673C3 /* Release */,
			);
			defaultConfigurationIsVisible = 0;
			defaultConfigurationName = Release;
		};
		D934ADA12067F85B003673C3 /* Build configuration list for PBXNativeTarget "np-challenge" */ = {
			isa = XCConfigurationList;
			buildConfigurations = (
				D934ADA22067F85B003673C3 /* Debug */,
				D934ADA32067F85B003673C3 /* Release */,
			);
			defaultConfigurationIsVisible = 0;
			defaultConfigurationName = Release;
		};
/* End XCConfigurationList section */
	};
	rootObject = D934AD872067F85B003673C3 /* Project object */;
}
